
Microsoft Visual Studio Solution File, Format Version 12.00
# Visual Studio Version 16
VisualStudioVersion = 16.0.30804.86
MinimumVisualStudioVersion = 10.0.40219.1
Project("{FAE04EC0-301F-11D3-BF4B-00C04F79EFBC}") = "TSPUD_LangLoader", "TSPUD_LangLoader\TSPUD_LangLoader.csproj", "{BADF86A9-9631-461E-8CC0-81B89C70C51B}"
EndProject
Project("{FAE04EC0-301F-11D3-BF4B-00C04F79EFBC}") = "Entrypoint", "Entrypoint\Entrypoint.csproj", "{B6B63799-E9EF-43B3-A91F-3525D18041E6}"
EndProject
Global
	GlobalSection(SolutionConfigurationPlatforms) = preSolution
		BundleDebug|Any CPU = BundleDebug|Any CPU
		BundleRelease|Any CPU = BundleRelease|Any CPU
		Debug|Any CPU = Debug|Any CPU
		Release|Any CPU = Release|Any CPU
	EndGlobalSection
	GlobalSection(ProjectConfigurationPlatforms) = postSolution
		{BADF86A9-9631-461E-8CC0-81B89C70C51B}.BundleDebug|Any CPU.ActiveCfg = BundleDebug|Any CPU
		{BADF86A9-9631-461E-8CC0-81B89C70C51B}.BundleDebug|Any CPU.Build.0 = BundleDebug|Any CPU
		{BADF86A9-9631-461E-8CC0-81B89C70C51B}.BundleRelease|Any CPU.ActiveCfg = BundleRelease|Any CPU
		{BADF86A9-9631-461E-8CC0-81B89C70C51B}.BundleRelease|Any CPU.Build.0 = BundleRelease|Any CPU
		{BADF86A9-9631-461E-8CC0-81B89C70C51B}.Debug|Any CPU.ActiveCfg = Debug|Any CPU
		{BADF86A9-9631-461E-8CC0-81B89C70C51B}.Debug|Any CPU.Build.0 = Debug|Any CPU
		{BADF86A9-9631-461E-8CC0-81B89C70C51B}.Release|Any CPU.ActiveCfg = Release|Any CPU
		{BADF86A9-9631-461E-8CC0-81B89C70C51B}.Release|Any CPU.Build.0 = Release|Any CPU
		{B6B63799-E9EF-43B3-A91F-3525D18041E6}.BundleDebug|Any CPU.ActiveCfg = Debug|Any CPU
		{B6B63799-E9EF-43B3-A91F-3525D18041E6}.BundleDebug|Any CPU.Build.0 = Debug|Any CPU
		{B6B63799-E9EF-43B3-A91F-3525D18041E6}.BundleRelease|Any CPU.ActiveCfg = Release|Any CPU
		{B6B63799-E9EF-43B3-A91F-3525D18041E6}.BundleRelease|Any CPU.Build.0 = Release|Any CPU
		{B6B63799-E9EF-43B3-A91F-3525D18041E6}.Debug|Any CPU.ActiveCfg = Debug|Any CPU
		{B6B63799-E9EF-43B3-A91F-3525D18041E6}.Debug|Any CPU.Build.0 = Debug|Any CPU
		{B6B63799-E9EF-43B3-A91F-3525D18041E6}.Release|Any CPU.ActiveCfg = Release|Any CPU
		{B6B63799-E9EF-43B3-A91F-3525D18041E6}.Release|Any CPU.Build.0 = Release|Any CPU
	EndGlobalSection
	GlobalSection(SolutionProperties) = preSolution
		HideSolutionNode = FALSE
	EndGlobalSection
	GlobalSection(ExtensibilityGlobals) = postSolution
		SolutionGuid = {5B32056C-0A20-405A-B326-7B74CF2ACFAE}
	EndGlobalSection
EndGlobal
